// !$*UTF8*$!
{
	archiveVersion = 1;
	classes = {
	};
	objectVersion = 47;
	objects = {

/* Begin PBXBuildFile section */
		846FA3FA1C7DCC5B002C5A66 /* MockURLSession.swift in Sources */ = {isa = PBXBuildFile; fileRef = 8473F5E41C40780900A22751 /* MockURLSession.swift */; };
		846FA3FB1C7DCC5D002C5A66 /* MockURLSessionDataTask.swift in Sources */ = {isa = PBXBuildFile; fileRef = 8473F5ED1C407BAF00A22751 /* MockURLSessionDataTask.swift */; };
		846FA3FC1C7DCC61002C5A66 /* HTTPClientTests_Part1.swift in Sources */ = {isa = PBXBuildFile; fileRef = 84001A661C3FE840009DED86 /* HTTPClientTests_Part1.swift */; };
		846FA3FD1C7DCC61002C5A66 /* HTTPClientTests_Part2.swift in Sources */ = {isa = PBXBuildFile; fileRef = 848018EC1C563F7B00ABC0D9 /* HTTPClientTests_Part2.swift */; };
		846FA3FF1C7DCC61002C5A66 /* NSHTTPURLResponse+StatusCode.swift in Sources */ = {isa = PBXBuildFile; fileRef = 8454A7641C5E691100A7E3A6 /* NSHTTPURLResponse+StatusCode.swift */; };
		846FA4191C7DD5B9002C5A66 /* UITests.swift in Sources */ = {isa = PBXBuildFile; fileRef = 846FA4181C7DD5B9002C5A66 /* UITests.swift */; };
		849FEBF41C7DC7B1008804F4 /* AppDelegate.swift in Sources */ = {isa = PBXBuildFile; fileRef = 849FEBF31C7DC7B1008804F4 /* AppDelegate.swift */; };
		849FEBF61C7DC7B1008804F4 /* ViewController.swift in Sources */ = {isa = PBXBuildFile; fileRef = 849FEBF51C7DC7B1008804F4 /* ViewController.swift */; };
		849FEBF91C7DC7B1008804F4 /* Main.storyboard in Resources */ = {isa = PBXBuildFile; fileRef = 849FEBF71C7DC7B1008804F4 /* Main.storyboard */; };
		849FEBFB1C7DC7B1008804F4 /* Assets.xcassets in Resources */ = {isa = PBXBuildFile; fileRef = 849FEBFA1C7DC7B1008804F4 /* Assets.xcassets */; };
		849FEBFE1C7DC7B1008804F4 /* LaunchScreen.storyboard in Resources */ = {isa = PBXBuildFile; fileRef = 849FEBFC1C7DC7B1008804F4 /* LaunchScreen.storyboard */; };
		849FEC031C7DC807008804F4 /* Error.swift in Sources */ = {isa = PBXBuildFile; fileRef = 848018EE1C5645DB00ABC0D9 /* Error.swift */; };
		849FEC041C7DC80A008804F4 /* HTTPClient.swift in Sources */ = {isa = PBXBuildFile; fileRef = 84001A6F1C3FE932009DED86 /* HTTPClient.swift */; };
		849FEC051C7DC814008804F4 /* NSURLSession+MainQueue.swift in Sources */ = {isa = PBXBuildFile; fileRef = 848019161C58F1F200ABC0D9 /* NSURLSession+MainQueue.swift */; };
		849FEC061C7DC81E008804F4 /* URLSessionDataTaskProtocol.swift in Sources */ = {isa = PBXBuildFile; fileRef = 8473F5EA1C407A5D00A22751 /* URLSessionDataTaskProtocol.swift */; };
		849FEC071C7DC822008804F4 /* URLSessionProtocol.swift in Sources */ = {isa = PBXBuildFile; fileRef = 8473F5E71C40784900A22751 /* URLSessionProtocol.swift */; };
		849FEC181C7DCAB4008804F4 /* HTTPClientTests_Integration.swift in Sources */ = {isa = PBXBuildFile; fileRef = 848019191C58F28700ABC0D9 /* HTTPClientTests_Integration.swift */; };
		84BD8FA71C7E764E006AF50F /* SeededURLSession.swift in Sources */ = {isa = PBXBuildFile; fileRef = 84BD8FA61C7E764E006AF50F /* SeededURLSession.swift */; };
		84BD8FA91C7E765D006AF50F /* Configuration.swift in Sources */ = {isa = PBXBuildFile; fileRef = 84BD8FA81C7E765D006AF50F /* Configuration.swift */; };
/* End PBXBuildFile section */

/* Begin PBXContainerItemProxy section */
		846FA41B1C7DD5B9002C5A66 /* PBXContainerItemProxy */ = {
			isa = PBXContainerItemProxy;
			containerPortal = 84001A331C3FE60F009DED86 /* Project object */;
			proxyType = 1;
			remoteGlobalIDString = 849FEBF01C7DC7B0008804F4;
			remoteInfo = "Test Host";
		};
		849FEC131C7DCAAC008804F4 /* PBXContainerItemProxy */ = {
			isa = PBXContainerItemProxy;
			containerPortal = 84001A331C3FE60F009DED86 /* Project object */;
			proxyType = 1;
			remoteGlobalIDString = 849FEBF01C7DC7B0008804F4;
			remoteInfo = "Test Host";
		};
/* End PBXContainerItemProxy section */

/* Begin PBXFileReference section */
		84001A661C3FE840009DED86 /* HTTPClientTests_Part1.swift */ = {isa = PBXFileReference; lastKnownFileType = sourcecode.swift; path = HTTPClientTests_Part1.swift; sourceTree = "<group>"; };
		84001A681C3FE840009DED86 /* Info.plist */ = {isa = PBXFileReference; lastKnownFileType = text.plist.xml; path = Info.plist; sourceTree = "<group>"; };
		84001A6F1C3FE932009DED86 /* HTTPClient.swift */ = {isa = PBXFileReference; fileEncoding = 4; lastKnownFileType = sourcecode.swift; path = HTTPClient.swift; sourceTree = "<group>"; };
		8454A7641C5E691100A7E3A6 /* NSHTTPURLResponse+StatusCode.swift */ = {isa = PBXFileReference; fileEncoding = 4; lastKnownFileType = sourcecode.swift; path = "NSHTTPURLResponse+StatusCode.swift"; sourceTree = "<group>"; };
		846FA4161C7DD5B9002C5A66 /* UITests.xctest */ = {isa = PBXFileReference; explicitFileType = wrapper.cfbundle; includeInIndex = 0; path = UITests.xctest; sourceTree = BUILT_PRODUCTS_DIR; };
		846FA4181C7DD5B9002C5A66 /* UITests.swift */ = {isa = PBXFileReference; lastKnownFileType = sourcecode.swift; path = UITests.swift; sourceTree = "<group>"; };
		846FA41A1C7DD5B9002C5A66 /* Info.plist */ = {isa = PBXFileReference; lastKnownFileType = text.plist.xml; path = Info.plist; sourceTree = "<group>"; };
		8473F5E41C40780900A22751 /* MockURLSession.swift */ = {isa = PBXFileReference; fileEncoding = 4; lastKnownFileType = sourcecode.swift; path = MockURLSession.swift; sourceTree = "<group>"; };
		8473F5E71C40784900A22751 /* URLSessionProtocol.swift */ = {isa = PBXFileReference; fileEncoding = 4; lastKnownFileType = sourcecode.swift; path = URLSessionProtocol.swift; sourceTree = "<group>"; };
		8473F5EA1C407A5D00A22751 /* URLSessionDataTaskProtocol.swift */ = {isa = PBXFileReference; fileEncoding = 4; lastKnownFileType = sourcecode.swift; path = URLSessionDataTaskProtocol.swift; sourceTree = "<group>"; };
		8473F5ED1C407BAF00A22751 /* MockURLSessionDataTask.swift */ = {isa = PBXFileReference; fileEncoding = 4; lastKnownFileType = sourcecode.swift; path = MockURLSessionDataTask.swift; sourceTree = "<group>"; };
		848018EC1C563F7B00ABC0D9 /* HTTPClientTests_Part2.swift */ = {isa = PBXFileReference; fileEncoding = 4; lastKnownFileType = sourcecode.swift; path = HTTPClientTests_Part2.swift; sourceTree = "<group>"; };
		848018EE1C5645DB00ABC0D9 /* Error.swift */ = {isa = PBXFileReference; fileEncoding = 4; lastKnownFileType = sourcecode.swift; path = Error.swift; sourceTree = "<group>"; };
		848019161C58F1F200ABC0D9 /* NSURLSession+MainQueue.swift */ = {isa = PBXFileReference; fileEncoding = 4; lastKnownFileType = sourcecode.swift; path = "NSURLSession+MainQueue.swift"; sourceTree = "<group>"; };
		848019191C58F28700ABC0D9 /* HTTPClientTests_Integration.swift */ = {isa = PBXFileReference; fileEncoding = 4; lastKnownFileType = sourcecode.swift; path = HTTPClientTests_Integration.swift; sourceTree = "<group>"; };
		849FEBF11C7DC7B0008804F4 /* Test Host.app */ = {isa = PBXFileReference; explicitFileType = wrapper.application; includeInIndex = 0; path = "Test Host.app"; sourceTree = BUILT_PRODUCTS_DIR; };
		849FEBF31C7DC7B1008804F4 /* AppDelegate.swift */ = {isa = PBXFileReference; lastKnownFileType = sourcecode.swift; path = AppDelegate.swift; sourceTree = "<group>"; };
		849FEBF51C7DC7B1008804F4 /* ViewController.swift */ = {isa = PBXFileReference; lastKnownFileType = sourcecode.swift; path = ViewController.swift; sourceTree = "<group>"; };
		849FEBF81C7DC7B1008804F4 /* Base */ = {isa = PBXFileReference; lastKnownFileType = file.storyboard; name = Base; path = Base.lproj/Main.storyboard; sourceTree = "<group>"; };
		849FEBFA1C7DC7B1008804F4 /* Assets.xcassets */ = {isa = PBXFileReference; lastKnownFileType = folder.assetcatalog; path = Assets.xcassets; sourceTree = "<group>"; };
		849FEBFD1C7DC7B1008804F4 /* Base */ = {isa = PBXFileReference; lastKnownFileType = file.storyboard; name = Base; path = Base.lproj/LaunchScreen.storyboard; sourceTree = "<group>"; };
		849FEBFF1C7DC7B1008804F4 /* Info.plist */ = {isa = PBXFileReference; lastKnownFileType = text.plist.xml; path = Info.plist; sourceTree = "<group>"; };
		849FEC0E1C7DCAAC008804F4 /* Tests.xctest */ = {isa = PBXFileReference; explicitFileType = wrapper.cfbundle; includeInIndex = 0; path = Tests.xctest; sourceTree = BUILT_PRODUCTS_DIR; };
		84BD8FA61C7E764E006AF50F /* SeededURLSession.swift */ = {isa = PBXFileReference; fileEncoding = 4; lastKnownFileType = sourcecode.swift; path = SeededURLSession.swift; sourceTree = "<group>"; };
		84BD8FA81C7E765D006AF50F /* Configuration.swift */ = {isa = PBXFileReference; fileEncoding = 4; lastKnownFileType = sourcecode.swift; path = Configuration.swift; sourceTree = "<group>"; };
/* End PBXFileReference section */

/* Begin PBXFrameworksBuildPhase section */
		846FA4131C7DD5B9002C5A66 /* Frameworks */ = {
			isa = PBXFrameworksBuildPhase;
			buildActionMask = 2147483647;
			files = (
			);
			runOnlyForDeploymentPostprocessing = 0;
		};
		849FEBEE1C7DC7B0008804F4 /* Frameworks */ = {
			isa = PBXFrameworksBuildPhase;
			buildActionMask = 2147483647;
			files = (
			);
			runOnlyForDeploymentPostprocessing = 0;
		};
		849FEC0B1C7DCAAC008804F4 /* Frameworks */ = {
			isa = PBXFrameworksBuildPhase;
			buildActionMask = 2147483647;
			files = (
			);
			runOnlyForDeploymentPostprocessing = 0;
		};
/* End PBXFrameworksBuildPhase section */

/* Begin PBXGroup section */
		84001A321C3FE60F009DED86 = {
			isa = PBXGroup;
			children = (
				84001A3C1C3FE60F009DED86 /* Products */,
				849FEBF21C7DC7B1008804F4 /* TestHost */,
				84001A651C3FE840009DED86 /* Tests */,
				846FA4171C7DD5B9002C5A66 /* UITests */,
			);
			sourceTree = "<group>";
		};
		84001A3C1C3FE60F009DED86 /* Products */ = {
			isa = PBXGroup;
			children = (
				849FEBF11C7DC7B0008804F4 /* Test Host.app */,
				849FEC0E1C7DCAAC008804F4 /* Tests.xctest */,
				846FA4161C7DD5B9002C5A66 /* UITests.xctest */,
			);
			name = Products;
			sourceTree = "<group>";
		};
		84001A651C3FE840009DED86 /* Tests */ = {
			isa = PBXGroup;
			children = (
				8473F5E31C4077E600A22751 /* Mocks */,
				848019191C58F28700ABC0D9 /* HTTPClientTests_Integration.swift */,
				84001A661C3FE840009DED86 /* HTTPClientTests_Part1.swift */,
				848018EC1C563F7B00ABC0D9 /* HTTPClientTests_Part2.swift */,
				84001A681C3FE840009DED86 /* Info.plist */,
				8454A7641C5E691100A7E3A6 /* NSHTTPURLResponse+StatusCode.swift */,
			);
			path = Tests;
			sourceTree = "<group>";
		};
		846FA4171C7DD5B9002C5A66 /* UITests */ = {
			isa = PBXGroup;
			children = (
				846FA41A1C7DD5B9002C5A66 /* Info.plist */,
				846FA4181C7DD5B9002C5A66 /* UITests.swift */,
			);
			path = UITests;
			sourceTree = "<group>";
		};
		8473F5E31C4077E600A22751 /* Mocks */ = {
			isa = PBXGroup;
			children = (
				8473F5E41C40780900A22751 /* MockURLSession.swift */,
				8473F5ED1C407BAF00A22751 /* MockURLSessionDataTask.swift */,
			);
			path = Mocks;
			sourceTree = "<group>";
		};
		849FEBF21C7DC7B1008804F4 /* TestHost */ = {
			isa = PBXGroup;
			children = (
				849FEBF31C7DC7B1008804F4 /* AppDelegate.swift */,
				849FEBFA1C7DC7B1008804F4 /* Assets.xcassets */,
				84BD8FA81C7E765D006AF50F /* Configuration.swift */,
				848018EE1C5645DB00ABC0D9 /* Error.swift */,
				84001A6F1C3FE932009DED86 /* HTTPClient.swift */,
				849FEBFF1C7DC7B1008804F4 /* Info.plist */,
				849FEBFC1C7DC7B1008804F4 /* LaunchScreen.storyboard */,
				849FEBF71C7DC7B1008804F4 /* Main.storyboard */,
				848019161C58F1F200ABC0D9 /* NSURLSession+MainQueue.swift */,
				84BD8FA61C7E764E006AF50F /* SeededURLSession.swift */,
				8473F5EA1C407A5D00A22751 /* URLSessionDataTaskProtocol.swift */,
				8473F5E71C40784900A22751 /* URLSessionProtocol.swift */,
				849FEBF51C7DC7B1008804F4 /* ViewController.swift */,
			);
			path = TestHost;
			sourceTree = "<group>";
		};
/* End PBXGroup section */

/* Begin PBXNativeTarget section */
		846FA4151C7DD5B9002C5A66 /* UITests */ = {
			isa = PBXNativeTarget;
			buildConfigurationList = 846FA41F1C7DD5B9002C5A66 /* Build configuration list for PBXNativeTarget "UITests" */;
			buildPhases = (
				846FA4121C7DD5B9002C5A66 /* Sources */,
				846FA4131C7DD5B9002C5A66 /* Frameworks */,
				846FA4141C7DD5B9002C5A66 /* Resources */,
			);
			buildRules = (
			);
			dependencies = (
				846FA41C1C7DD5B9002C5A66 /* PBXTargetDependency */,
			);
			name = UITests;
			productName = UITests;
			productReference = 846FA4161C7DD5B9002C5A66 /* UITests.xctest */;
			productType = "com.apple.product-type.bundle.ui-testing";
		};
		849FEBF01C7DC7B0008804F4 /* Test Host */ = {
			isa = PBXNativeTarget;
			buildConfigurationList = 849FEC001C7DC7B1008804F4 /* Build configuration list for PBXNativeTarget "Test Host" */;
			buildPhases = (
				849FEBED1C7DC7B0008804F4 /* Sources */,
				849FEBEE1C7DC7B0008804F4 /* Frameworks */,
				849FEBEF1C7DC7B0008804F4 /* Resources */,
			);
			buildRules = (
			);
			dependencies = (
			);
			name = "Test Host";
			productName = "Test Host";
			productReference = 849FEBF11C7DC7B0008804F4 /* Test Host.app */;
			productType = "com.apple.product-type.application";
		};
		849FEC0D1C7DCAAC008804F4 /* Tests */ = {
			isa = PBXNativeTarget;
			buildConfigurationList = 849FEC151C7DCAAC008804F4 /* Build configuration list for PBXNativeTarget "Tests" */;
			buildPhases = (
				849FEC0A1C7DCAAC008804F4 /* Sources */,
				849FEC0B1C7DCAAC008804F4 /* Frameworks */,
				849FEC0C1C7DCAAC008804F4 /* Resources */,
			);
			buildRules = (
			);
			dependencies = (
				849FEC141C7DCAAC008804F4 /* PBXTargetDependency */,
			);
			name = Tests;
			productName = Tests;
			productReference = 849FEC0E1C7DCAAC008804F4 /* Tests.xctest */;
			productType = "com.apple.product-type.bundle.unit-test";
		};
/* End PBXNativeTarget section */

/* Begin PBXProject section */
		84001A331C3FE60F009DED86 /* Project object */ = {
			isa = PBXProject;
			attributes = {
				LastSwiftUpdateCheck = 0720;
				LastUpgradeCheck = 0720;
				ORGANIZATIONNAME = Masilotti.com;
				TargetAttributes = {
					846FA4151C7DD5B9002C5A66 = {
						CreatedOnToolsVersion = 7.2.1;
						TestTargetID = 849FEBF01C7DC7B0008804F4;
					};
					849FEBF01C7DC7B0008804F4 = {
						CreatedOnToolsVersion = 7.2.1;
					};
					849FEC0D1C7DCAAC008804F4 = {
						CreatedOnToolsVersion = 7.2.1;
						TestTargetID = 849FEBF01C7DC7B0008804F4;
					};
				};
			};
			buildConfigurationList = 84001A361C3FE60F009DED86 /* Build configuration list for PBXProject "TestingNSURLSession" */;
			compatibilityVersion = "Xcode 6.3";
			developmentRegion = English;
			hasScannedForEncodings = 0;
			knownRegions = (
				en,
				Base,
			);
			mainGroup = 84001A321C3FE60F009DED86;
			productRefGroup = 84001A3C1C3FE60F009DED86 /* Products */;
			projectDirPath = "";
			projectRoot = "";
			targets = (
				849FEBF01C7DC7B0008804F4 /* Test Host */,
				849FEC0D1C7DCAAC008804F4 /* Tests */,
				846FA4151C7DD5B9002C5A66 /* UITests */,
			);
		};
/* End PBXProject section */

/* Begin PBXResourcesBuildPhase section */
		846FA4141C7DD5B9002C5A66 /* Resources */ = {
			isa = PBXResourcesBuildPhase;
			buildActionMask = 2147483647;
			files = (
			);
			runOnlyForDeploymentPostprocessing = 0;
		};
		849FEBEF1C7DC7B0008804F4 /* Resources */ = {
			isa = PBXResourcesBuildPhase;
			buildActionMask = 2147483647;
			files = (
				849FEBFE1C7DC7B1008804F4 /* LaunchScreen.storyboard in Resources */,
				849FEBFB1C7DC7B1008804F4 /* Assets.xcassets in Resources */,
				849FEBF91C7DC7B1008804F4 /* Main.storyboard in Resources */,
			);
			runOnlyForDeploymentPostprocessing = 0;
		};
		849FEC0C1C7DCAAC008804F4 /* Resources */ = {
			isa = PBXResourcesBuildPhase;
			buildActionMask = 2147483647;
			files = (
			);
			runOnlyForDeploymentPostprocessing = 0;
		};
/* End PBXResourcesBuildPhase section */

/* Begin PBXSourcesBuildPhase section */
		846FA4121C7DD5B9002C5A66 /* Sources */ = {
			isa = PBXSourcesBuildPhase;
			buildActionMask = 2147483647;
			files = (
				846FA4191C7DD5B9002C5A66 /* UITests.swift in Sources */,
			);
			runOnlyForDeploymentPostprocessing = 0;
		};
		849FEBED1C7DC7B0008804F4 /* Sources */ = {
			isa = PBXSourcesBuildPhase;
			buildActionMask = 2147483647;
			files = (
				84BD8FA71C7E764E006AF50F /* SeededURLSession.swift in Sources */,
				849FEC071C7DC822008804F4 /* URLSessionProtocol.swift in Sources */,
				849FEBF61C7DC7B1008804F4 /* ViewController.swift in Sources */,
				84BD8FA91C7E765D006AF50F /* Configuration.swift in Sources */,
				849FEC031C7DC807008804F4 /* Error.swift in Sources */,
				849FEC061C7DC81E008804F4 /* URLSessionDataTaskProtocol.swift in Sources */,
				849FEC041C7DC80A008804F4 /* HTTPClient.swift in Sources */,
				849FEC051C7DC814008804F4 /* NSURLSession+MainQueue.swift in Sources */,
				849FEBF41C7DC7B1008804F4 /* AppDelegate.swift in Sources */,
			);
			runOnlyForDeploymentPostprocessing = 0;
		};
		849FEC0A1C7DCAAC008804F4 /* Sources */ = {
			isa = PBXSourcesBuildPhase;
			buildActionMask = 2147483647;
			files = (
				846FA3FB1C7DCC5D002C5A66 /* MockURLSessionDataTask.swift in Sources */,
				846FA3FD1C7DCC61002C5A66 /* HTTPClientTests_Part2.swift in Sources */,
				846FA3FF1C7DCC61002C5A66 /* NSHTTPURLResponse+StatusCode.swift in Sources */,
				846FA3FA1C7DCC5B002C5A66 /* MockURLSession.swift in Sources */,
				849FEC181C7DCAB4008804F4 /* HTTPClientTests_Integration.swift in Sources */,
				846FA3FC1C7DCC61002C5A66 /* HTTPClientTests_Part1.swift in Sources */,
			);
			runOnlyForDeploymentPostprocessing = 0;
		};
/* End PBXSourcesBuildPhase section */

/* Begin PBXTargetDependency section */
		846FA41C1C7DD5B9002C5A66 /* PBXTargetDependency */ = {
			isa = PBXTargetDependency;
			target = 849FEBF01C7DC7B0008804F4 /* Test Host */;
			targetProxy = 846FA41B1C7DD5B9002C5A66 /* PBXContainerItemProxy */;
		};
		849FEC141C7DCAAC008804F4 /* PBXTargetDependency */ = {
			isa = PBXTargetDependency;
			target = 849FEBF01C7DC7B0008804F4 /* Test Host */;
			targetProxy = 849FEC131C7DCAAC008804F4 /* PBXContainerItemProxy */;
		};
/* End PBXTargetDependency section */

/* Begin PBXVariantGroup section */
		849FEBF71C7DC7B1008804F4 /* Main.storyboard */ = {
			isa = PBXVariantGroup;
			children = (
				849FEBF81C7DC7B1008804F4 /* Base */,
			);
			name = Main.storyboard;
			sourceTree = "<group>";
		};
		849FEBFC1C7DC7B1008804F4 /* LaunchScreen.storyboard */ = {
			isa = PBXVariantGroup;
			children = (
				849FEBFD1C7DC7B1008804F4 /* Base */,
			);
			name = LaunchScreen.storyboard;
			sourceTree = "<group>";
		};
/* End PBXVariantGroup section */

/* Begin XCBuildConfiguration section */
		84001A401C3FE60F009DED86 /* Debug */ = {
			isa = XCBuildConfiguration;
			buildSettings = {
				ALWAYS_SEARCH_USER_PATHS = NO;
				CLANG_CXX_LANGUAGE_STANDARD = "gnu++0x";
				CLANG_CXX_LIBRARY = "libc++";
				CLANG_ENABLE_MODULES = YES;
				CLANG_ENABLE_OBJC_ARC = YES;
				CLANG_WARN_BOOL_CONVERSION = YES;
				CLANG_WARN_CONSTANT_CONVERSION = YES;
				CLANG_WARN_DIRECT_OBJC_ISA_USAGE = YES_ERROR;
				CLANG_WARN_EMPTY_BODY = YES;
				CLANG_WARN_ENUM_CONVERSION = YES;
				CLANG_WARN_INT_CONVERSION = YES;
				CLANG_WARN_OBJC_ROOT_CLASS = YES_ERROR;
				CLANG_WARN_UNREACHABLE_CODE = YES;
				CLANG_WARN__DUPLICATE_METHOD_MATCH = YES;
				CODE_SIGN_IDENTITY = "-";
				COPY_PHASE_STRIP = NO;
				DEBUG_INFORMATION_FORMAT = dwarf;
				ENABLE_STRICT_OBJC_MSGSEND = YES;
				ENABLE_TESTABILITY = YES;
				GCC_C_LANGUAGE_STANDARD = gnu99;
				GCC_DYNAMIC_NO_PIC = NO;
				GCC_NO_COMMON_BLOCKS = YES;
				GCC_OPTIMIZATION_LEVEL = 0;
				GCC_PREPROCESSOR_DEFINITIONS = (
					"DEBUG=1",
					"$(inherited)",
				);
				GCC_WARN_64_TO_32_BIT_CONVERSION = YES;
				GCC_WARN_ABOUT_RETURN_TYPE = YES_ERROR;
				GCC_WARN_UNDECLARED_SELECTOR = YES;
				GCC_WARN_UNINITIALIZED_AUTOS = YES_AGGRESSIVE;
				GCC_WARN_UNUSED_FUNCTION = YES;
				GCC_WARN_UNUSED_VARIABLE = YES;
				MACOSX_DEPLOYMENT_TARGET = 10.11;
				MTL_ENABLE_DEBUG_INFO = YES;
				ONLY_ACTIVE_ARCH = YES;
				SDKROOT = macosx;
				SWIFT_OPTIMIZATION_LEVEL = "-Onone";
			};
			name = Debug;
		};
		84001A411C3FE60F009DED86 /* Release */ = {
			isa = XCBuildConfiguration;
			buildSettings = {
				ALWAYS_SEARCH_USER_PATHS = NO;
				CLANG_CXX_LANGUAGE_STANDARD = "gnu++0x";
				CLANG_CXX_LIBRARY = "libc++";
				CLANG_ENABLE_MODULES = YES;
				CLANG_ENABLE_OBJC_ARC = YES;
				CLANG_WARN_BOOL_CONVERSION = YES;
				CLANG_WARN_CONSTANT_CONVERSION = YES;
				CLANG_WARN_DIRECT_OBJC_ISA_USAGE = YES_ERROR;
				CLANG_WARN_EMPTY_BODY = YES;
				CLANG_WARN_ENUM_CONVERSION = YES;
				CLANG_WARN_INT_CONVERSION = YES;
				CLANG_WARN_OBJC_ROOT_CLASS = YES_ERROR;
				CLANG_WARN_UNREACHABLE_CODE = YES;
				CLANG_WARN__DUPLICATE_METHOD_MATCH = YES;
				CODE_SIGN_IDENTITY = "-";
				COPY_PHASE_STRIP = NO;
				DEBUG_INFORMATION_FORMAT = "dwarf-with-dsym";
				ENABLE_NS_ASSERTIONS = NO;
				ENABLE_STRICT_OBJC_MSGSEND = YES;
				GCC_C_LANGUAGE_STANDARD = gnu99;
				GCC_NO_COMMON_BLOCKS = YES;
				GCC_WARN_64_TO_32_BIT_CONVERSION = YES;
				GCC_WARN_ABOUT_RETURN_TYPE = YES_ERROR;
				GCC_WARN_UNDECLARED_SELECTOR = YES;
				GCC_WARN_UNINITIALIZED_AUTOS = YES_AGGRESSIVE;
				GCC_WARN_UNUSED_FUNCTION = YES;
				GCC_WARN_UNUSED_VARIABLE = YES;
				MACOSX_DEPLOYMENT_TARGET = 10.11;
				MTL_ENABLE_DEBUG_INFO = NO;
				SDKROOT = macosx;
			};
			name = Release;
		};
		846FA41D1C7DD5B9002C5A66 /* Debug */ = {
			isa = XCBuildConfiguration;
			buildSettings = {
				"CODE_SIGN_IDENTITY[sdk=iphoneos*]" = "iPhone Developer";
				INFOPLIST_FILE = UITests/Info.plist;
				IPHONEOS_DEPLOYMENT_TARGET = 9.2;
				LD_RUNPATH_SEARCH_PATHS = "$(inherited) @executable_path/Frameworks @loader_path/Frameworks";
				PRODUCT_BUNDLE_IDENTIFIER = com.masilotti.UITests;
				PRODUCT_NAME = "$(TARGET_NAME)";
				SDKROOT = iphoneos;
				TEST_TARGET_NAME = "Test Host";
				USES_XCTRUNNER = YES;
			};
			name = Debug;
		};
		846FA41E1C7DD5B9002C5A66 /* Release */ = {
			isa = XCBuildConfiguration;
			buildSettings = {
				"CODE_SIGN_IDENTITY[sdk=iphoneos*]" = "iPhone Developer";
				INFOPLIST_FILE = UITests/Info.plist;
				IPHONEOS_DEPLOYMENT_TARGET = 9.2;
				LD_RUNPATH_SEARCH_PATHS = "$(inherited) @executable_path/Frameworks @loader_path/Frameworks";
				PRODUCT_BUNDLE_IDENTIFIER = com.masilotti.UITests;
				PRODUCT_NAME = "$(TARGET_NAME)";
				SDKROOT = iphoneos;
				TEST_TARGET_NAME = "Test Host";
				USES_XCTRUNNER = YES;
				VALIDATE_PRODUCT = YES;
			};
			name = Release;
		};
		849FEC011C7DC7B1008804F4 /* Debug */ = {
			isa = XCBuildConfiguration;
			buildSettings = {
				ASSETCATALOG_COMPILER_APPICON_NAME = AppIcon;
				"CODE_SIGN_IDENTITY[sdk=iphoneos*]" = "iPhone Developer";
				INFOPLIST_FILE = TestHost/Info.plist;
				IPHONEOS_DEPLOYMENT_TARGET = 9.2;
				LD_RUNPATH_SEARCH_PATHS = "$(inherited) @executable_path/Frameworks";
				PRODUCT_BUNDLE_IDENTIFIER = com.masilotti.TestHost;
				PRODUCT_MODULE_NAME = TestHost;
				PRODUCT_NAME = "$(TARGET_NAME)";
				SDKROOT = iphoneos;
			};
			name = Debug;
		};
		849FEC021C7DC7B1008804F4 /* Release */ = {
			isa = XCBuildConfiguration;
			buildSettings = {
				ASSETCATALOG_COMPILER_APPICON_NAME = AppIcon;
				"CODE_SIGN_IDENTITY[sdk=iphoneos*]" = "iPhone Developer";
				INFOPLIST_FILE = TestHost/Info.plist;
				IPHONEOS_DEPLOYMENT_TARGET = 9.2;
				LD_RUNPATH_SEARCH_PATHS = "$(inherited) @executable_path/Frameworks";
				PRODUCT_BUNDLE_IDENTIFIER = com.masilotti.TestHost;
				PRODUCT_MODULE_NAME = TestHost;
				PRODUCT_NAME = "$(TARGET_NAME)";
				SDKROOT = iphoneos;
				VALIDATE_PRODUCT = YES;
			};
			name = Release;
		};
		849FEC161C7DCAAC008804F4 /* Debug */ = {
			isa = XCBuildConfiguration;
			buildSettings = {
				BUNDLE_LOADER = "$(TEST_HOST)";
				"CODE_SIGN_IDENTITY[sdk=iphoneos*]" = "iPhone Developer";
				INFOPLIST_FILE = Tests/Info.plist;
				IPHONEOS_DEPLOYMENT_TARGET = 9.2;
				LD_RUNPATH_SEARCH_PATHS = "$(inherited) @executable_path/Frameworks @loader_path/Frameworks";
				PRODUCT_BUNDLE_IDENTIFIER = com.masilotti.Tests;
				PRODUCT_NAME = "$(TARGET_NAME)";
				SDKROOT = iphoneos;
				TEST_HOST = "$(BUILT_PRODUCTS_DIR)/Test Host.app/Test Host";
			};
			name = Debug;
		};
		849FEC171C7DCAAC008804F4 /* Release */ = {
			isa = XCBuildConfiguration;
			buildSettings = {
				BUNDLE_LOADER = "$(TEST_HOST)";
				"CODE_SIGN_IDENTITY[sdk=iphoneos*]" = "iPhone Developer";
				INFOPLIST_FILE = Tests/Info.plist;
				IPHONEOS_DEPLOYMENT_TARGET = 9.2;
				LD_RUNPATH_SEARCH_PATHS = "$(inherited) @executable_path/Frameworks @loader_path/Frameworks";
				PRODUCT_BUNDLE_IDENTIFIER = com.masilotti.Tests;
				PRODUCT_NAME = "$(TARGET_NAME)";
				SDKROOT = iphoneos;
				TEST_HOST = "$(BUILT_PRODUCTS_DIR)/Test Host.app/Test Host";
				VALIDATE_PRODUCT = YES;
			};
			name = Release;
		};
/* End XCBuildConfiguration section */

/* Begin XCConfigurationList section */
		84001A361C3FE60F009DED86 /* Build configuration list for PBXProject "TestingNSURLSession" */ = {
			isa = XCConfigurationList;
			buildConfigurations = (
				84001A401C3FE60F009DED86 /* Debug */,
				84001A411C3FE60F009DED86 /* Release */,
			);
			defaultConfigurationIsVisible = 0;
			defaultConfigurationName = Release;
		};
		846FA41F1C7DD5B9002C5A66 /* Build configuration list for PBXNativeTarget "UITests" */ = {
			isa = XCConfigurationList;
			buildConfigurations = (
				846FA41D1C7DD5B9002C5A66 /* Debug */,
				846FA41E1C7DD5B9002C5A66 /* Release */,
			);
			defaultConfigurationIsVisible = 0;
		};
		849FEC001C7DC7B1008804F4 /* Build configuration list for PBXNativeTarget "Test Host" */ = {
			isa = XCConfigurationList;
			buildConfigurations = (
				849FEC011C7DC7B1008804F4 /* Debug */,
				849FEC021C7DC7B1008804F4 /* Release */,
			);
			defaultConfigurationIsVisible = 0;
			defaultConfigurationName = Release;
		};
		849FEC151C7DCAAC008804F4 /* Build configuration list for PBXNativeTarget "Tests" */ = {
			isa = XCConfigurationList;
			buildConfigurations = (
				849FEC161C7DCAAC008804F4 /* Debug */,
				849FEC171C7DCAAC008804F4 /* Release */,
			);
			defaultConfigurationIsVisible = 0;
			defaultConfigurationName = Release;
		};
/* End XCConfigurationList section */
	};
	rootObject = 84001A331C3FE60F009DED86 /* Project object */;
}
